
Microsoft Visual Studio Solution File, Format Version 12.00
# Visual Studio Version 17
VisualStudioVersion = 17.5.33414.496
MinimumVisualStudioVersion = 10.0.40219.1
Project("{9A19103F-16F7-4668-BE54-9A1E7A4F7556}") = "SmartHome_MVC", "SmartHome_MVC.csproj", "{64BF3936-F0A9-49E1-943A-2105BBB28A97}"
EndProject
Project("{FAE04EC0-301F-11D3-BF4B-00C04F79EFBC}") = "SmartHome_Database", "..\SmartHome_Database\SmartHome_Database.csproj", "{629F6189-DAA2-47CE-8A9F-7B29CC7E9A93}"
EndProject
Global
	GlobalSection(SolutionConfigurationPlatforms) = preSolution
		Debug|Any CPU = Debug|Any CPU
		Release|Any CPU = Release|Any CPU
	EndGlobalSection
	GlobalSection(ProjectConfigurationPlatforms) = postSolution
		{64BF3936-F0A9-49E1-943A-2105BBB28A97}.Debug|Any CPU.ActiveCfg = Debug|Any CPU
		{64BF3936-F0A9-49E1-943A-2105BBB28A97}.Debug|Any CPU.Build.0 = Debug|Any CPU
		{64BF3936-F0A9-49E1-943A-2105BBB28A97}.Release|Any CPU.ActiveCfg = Release|Any CPU
		{64BF3936-F0A9-49E1-943A-2105BBB28A97}.Release|Any CPU.Build.0 = Release|Any CPU
		{629F6189-DAA2-47CE-8A9F-7B29CC7E9A93}.Debug|Any CPU.ActiveCfg = Debug|Any CPU
		{629F6189-DAA2-47CE-8A9F-7B29CC7E9A93}.Debug|Any CPU.Build.0 = Debug|Any CPU
		{629F6189-DAA2-47CE-8A9F-7B29CC7E9A93}.Release|Any CPU.ActiveCfg = Release|Any CPU
		{629F6189-DAA2-47CE-8A9F-7B29CC7E9A93}.Release|Any CPU.Build.0 = Release|Any CPU
	EndGlobalSection
	GlobalSection(SolutionProperties) = preSolution
		HideSolutionNode = FALSE
	EndGlobalSection
	GlobalSection(ExtensibilityGlobals) = postSolution
		SolutionGuid = {E03AE4F3-D402-45BC-8045-50B1893BBBC4}
	EndGlobalSection
EndGlobal
